
Microsoft Visual Studio Solution File, Format Version 12.00
# Visual Studio Version 17
VisualStudioVersion = 17.0.31903.59
MinimumVisualStudioVersion = 10.0.40219.1
Project("{FAE04EC0-301F-11D3-BF4B-00C04F79EFBC}") = "Bank.Domain", "Bank.Domain\Bank.Domain.csproj", "{C5E4A04C-3FBB-40D5-83C0-02F40DFE31DB}"
EndProject
Project("{FAE04EC0-301F-11D3-BF4B-00C04F79EFBC}") = "Bank.Domain.Tests", "Bank.Domain.Tests\Bank.Domain.Tests.csproj", "{FE67A285-1DFC-4231-BCAC-63A8351A8693}"
EndProject
Global
	GlobalSection(SolutionConfigurationPlatforms) = preSolution
		Debug|Any CPU = Debug|Any CPU
		Release|Any CPU = Release|Any CPU
	EndGlobalSection
	GlobalSection(SolutionProperties) = preSolution
		HideSolutionNode = FALSE
	EndGlobalSection
	GlobalSection(ProjectConfigurationPlatforms) = postSolution
		{C5E4A04C-3FBB-40D5-83C0-02F40DFE31DB}.Debug|Any CPU.ActiveCfg = Debug|Any CPU
		{C5E4A04C-3FBB-40D5-83C0-02F40DFE31DB}.Debug|Any CPU.Build.0 = Debug|Any CPU
		{C5E4A04C-3FBB-40D5-83C0-02F40DFE31DB}.Release|Any CPU.ActiveCfg = Release|Any CPU
		{C5E4A04C-3FBB-40D5-83C0-02F40DFE31DB}.Release|Any CPU.Build.0 = Release|Any CPU
		{FE67A285-1DFC-4231-BCAC-63A8351A8693}.Debug|Any CPU.ActiveCfg = Debug|Any CPU
		{FE67A285-1DFC-4231-BCAC-63A8351A8693}.Debug|Any CPU.Build.0 = Debug|Any CPU
		{FE67A285-1DFC-4231-BCAC-63A8351A8693}.Release|Any CPU.ActiveCfg = Release|Any CPU
		{FE67A285-1DFC-4231-BCAC-63A8351A8693}.Release|Any CPU.Build.0 = Release|Any CPU
	EndGlobalSection
EndGlobal
